
Microsoft Visual Studio Solution File, Format Version 12.00
# Visual Studio 2013
VisualStudioVersion = 12.0.21005.1
MinimumVisualStudioVersion = 10.0.40219.1
Project("{FAE04EC0-301F-11D3-BF4B-00C04F79EFBC}") = "QTU8interface", "QTU8interface\QTU8interface.csproj", "{4D176399-893B-4BB5-B922-070E3C51FEA8}"
EndProject
Project("{FAE04EC0-301F-11D3-BF4B-00C04F79EFBC}") = "QTU8interface.Tests", "QTU8interface.Tests\QTU8interface.Tests.csproj", "{81DDE53B-F502-4CCC-BD7A-9E00DA85D991}"
EndProject
Global
	GlobalSection(SolutionConfigurationPlatforms) = preSolution
		Debug|Any CPU = Debug|Any CPU
		Release|Any CPU = Release|Any CPU
	EndGlobalSection
	GlobalSection(ProjectConfigurationPlatforms) = postSolution
		{4D176399-893B-4BB5-B922-070E3C51FEA8}.Debug|Any CPU.ActiveCfg = Debug|Any CPU
		{4D176399-893B-4BB5-B922-070E3C51FEA8}.Debug|Any CPU.Build.0 = Debug|Any CPU
		{4D176399-893B-4BB5-B922-070E3C51FEA8}.Release|Any CPU.ActiveCfg = Release|Any CPU
		{4D176399-893B-4BB5-B922-070E3C51FEA8}.Release|Any CPU.Build.0 = Release|Any CPU
		{81DDE53B-F502-4CCC-BD7A-9E00DA85D991}.Debug|Any CPU.ActiveCfg = Debug|Any CPU
		{81DDE53B-F502-4CCC-BD7A-9E00DA85D991}.Debug|Any CPU.Build.0 = Debug|Any CPU
		{81DDE53B-F502-4CCC-BD7A-9E00DA85D991}.Release|Any CPU.ActiveCfg = Release|Any CPU
		{81DDE53B-F502-4CCC-BD7A-9E00DA85D991}.Release|Any CPU.Build.0 = Release|Any CPU
	EndGlobalSection
	GlobalSection(SolutionProperties) = preSolution
		HideSolutionNode = FALSE
	EndGlobalSection
EndGlobal
